
Microsoft Visual Studio Solution File, Format Version 12.00
Project("{FAE04EC0-301F-11D3-BF4B-00C04F79EFBC}") = "NameSorterProcessor.Tests", "test\NameSorterProcessor.Tests\NameSorterProcessor.Tests.csproj", "{8152954F-40DA-4C4C-B8B4-E2940A434E22}"
EndProject
Project("{FAE04EC0-301F-11D3-BF4B-00C04F79EFBC}") = "NameSorterProcessor", "src\NameSorterProcessor\NameSorterProcessor.csproj", "{8EDDF4D0-2F3F-4D60-A9B4-31658D1B90FC}"
EndProject
Global
	GlobalSection(SolutionConfigurationPlatforms) = preSolution
		Debug|Any CPU = Debug|Any CPU
		Release|Any CPU = Release|Any CPU
	EndGlobalSection
	GlobalSection(ProjectConfigurationPlatforms) = postSolution
		{8152954F-40DA-4C4C-B8B4-E2940A434E22}.Debug|Any CPU.ActiveCfg = Debug|Any CPU
		{8152954F-40DA-4C4C-B8B4-E2940A434E22}.Debug|Any CPU.Build.0 = Debug|Any CPU
		{8152954F-40DA-4C4C-B8B4-E2940A434E22}.Release|Any CPU.ActiveCfg = Release|Any CPU
		{8152954F-40DA-4C4C-B8B4-E2940A434E22}.Release|Any CPU.Build.0 = Release|Any CPU
		{8EDDF4D0-2F3F-4D60-A9B4-31658D1B90FC}.Debug|Any CPU.ActiveCfg = Debug|Any CPU
		{8EDDF4D0-2F3F-4D60-A9B4-31658D1B90FC}.Debug|Any CPU.Build.0 = Debug|Any CPU
		{8EDDF4D0-2F3F-4D60-A9B4-31658D1B90FC}.Release|Any CPU.ActiveCfg = Release|Any CPU
		{8EDDF4D0-2F3F-4D60-A9B4-31658D1B90FC}.Release|Any CPU.Build.0 = Release|Any CPU
	EndGlobalSection
EndGlobal
